{
  "version": 4,
  "terraform_version": "0.13.5",
  "serial": 4,
  "lineage": "5a168411-0a77-fa1e-b5ee-d80e451ae78b",
  "outputs": {},
  "resources": [
    {
      "mode": "data",
      "type": "azurerm_subscription",
      "name": "current",
      "provider": "provider[\"registry.terraform.io/hashicorp/azurerm\"]",
      "instances": [
        {
          "schema_version": 0,
          "attributes": {
            "display_name": "juswen",
            "id": "/subscriptions/959965bb-d9df-4c6f-825e-37e1090d817d",
            "location_placement_id": "Internal_2014-09-01",
            "quota_id": "Internal_2014-09-01",
            "spending_limit": "Off",
            "state": "Enabled",
            "subscription_id": "959965bb-d9df-4c6f-825e-37e1090d817d",
            "tenant_id": "72f988bf-86f1-41af-91ab-2d7cd011db47",
            "timeouts": null
          }
        }
      ]
    },
    {
      "mode": "managed",
      "type": "azurecc_custom_commands_project",
      "name": "ccp",
      "provider": "provider[\"registry.terraform.io/hashicorp/azurecc\"]",
      "instances": []
    },
    {
      "mode": "managed",
      "type": "azurecc_custom_commands_publish",
      "name": "ccpub",
      "provider": "provider[\"registry.terraform.io/hashicorp/azurecc\"]",
      "instances": []
    },
    {
      "mode": "managed",
      "type": "azurecc_custom_commands_skills",
      "name": "ccs",
      "provider": "provider[\"registry.terraform.io/hashicorp/azurecc\"]",
      "instances": []
    },
    {
      "mode": "managed",
      "type": "azurerm_cognitive_account",
      "name": "luis_prediction",
      "provider": "provider[\"registry.terraform.io/hashicorp/azurerm\"]",
      "instances": [
        {
          "schema_version": 0,
          "attributes": {
            "endpoint": "https://westus2.api.cognitive.microsoft.com/",
            "id": "/subscriptions/959965bb-d9df-4c6f-825e-37e1090d817d/resourceGroups/TestGroup/providers/Microsoft.CognitiveServices/accounts/jwluisp",
            "kind": "LUIS",
            "location": "westus2",
            "name": "jwluisp",
            "primary_access_key": "e37c469090444e3e8d9532173e280787",
            "qna_runtime_endpoint": null,
            "resource_group_name": "TestGroup",
            "secondary_access_key": "e4e783e6f0d34b4bac3846ef0e62a4f5",
            "sku_name": "S0",
            "tags": null,
            "timeouts": null
          },
          "private": "eyJlMmJmYjczMC1lY2FhLTExZTYtOGY4OC0zNDM2M2JjN2M0YzAiOnsiY3JlYXRlIjoxODAwMDAwMDAwMDAwLCJkZWxldGUiOjE4MDAwMDAwMDAwMDAsInJlYWQiOjMwMDAwMDAwMDAwMCwidXBkYXRlIjoxODAwMDAwMDAwMDAwfX0=",
          "dependencies": [
            "azurerm_resource_group.rg"
          ]
        }
      ]
    },
    {
      "mode": "managed",
      "type": "azurerm_cognitive_account",
      "name": "speech",
      "provider": "provider[\"registry.terraform.io/hashicorp/azurerm\"]",
      "instances": [
        {
          "schema_version": 0,
          "attributes": {
            "endpoint": "https://westus2.api.cognitive.microsoft.com/sts/v1.0/issuetoken",
            "id": "/subscriptions/959965bb-d9df-4c6f-825e-37e1090d817d/resourceGroups/TestGroup/providers/Microsoft.CognitiveServices/accounts/jwtestspeech",
            "kind": "SpeechServices",
            "location": "westus2",
            "name": "jwtestspeech",
            "primary_access_key": "48aba09d47d449799de15a454f7dd801",
            "qna_runtime_endpoint": null,
            "resource_group_name": "TestGroup",
            "secondary_access_key": "c14036f6638e40188a1adc92e672ac51",
            "sku_name": "S0",
            "tags": null,
            "timeouts": null
          },
          "private": "eyJlMmJmYjczMC1lY2FhLTExZTYtOGY4OC0zNDM2M2JjN2M0YzAiOnsiY3JlYXRlIjoxODAwMDAwMDAwMDAwLCJkZWxldGUiOjE4MDAwMDAwMDAwMDAsInJlYWQiOjMwMDAwMDAwMDAwMCwidXBkYXRlIjoxODAwMDAwMDAwMDAwfX0=",
          "dependencies": [
            "azurerm_resource_group.rg"
          ]
        }
      ]
    },
    {
      "mode": "managed",
      "type": "azurerm_resource_group",
      "name": "rg",
      "provider": "provider[\"registry.terraform.io/hashicorp/azurerm\"]",
      "instances": [
        {
          "schema_version": 0,
          "attributes": {
            "id": "/subscriptions/959965bb-d9df-4c6f-825e-37e1090d817d/resourceGroups/TestGroup",
            "location": "westus2",
            "name": "TestGroup",
            "tags": null,
            "timeouts": null
          },
          "private": "eyJlMmJmYjczMC1lY2FhLTExZTYtOGY4OC0zNDM2M2JjN2M0YzAiOnsiY3JlYXRlIjo1NDAwMDAwMDAwMDAwLCJkZWxldGUiOjU0MDAwMDAwMDAwMDAsInJlYWQiOjMwMDAwMDAwMDAwMCwidXBkYXRlIjo1NDAwMDAwMDAwMDAwfX0="
        }
      ]
    }
  ]
}
